PODS:
  - Cartography (0.6.0)
  - Nimble (3.2.0)
  - Quick (0.8.0)
  - ReactiveKit (2.1.1)
  - ReactiveUIKit (2.0.1):
    - ReactiveKit (~> 2.0)

DEPENDENCIES:
  - Cartography
  - Nimble (= 3.2.0)
  - Quick (= 0.8.0)
  - ReactiveKit (~> 2.1)
  - ReactiveUIKit (~> 2.0)

SPEC CHECKSUMS:
  Cartography: 70af183a248547694a8cfaa6b989cb7e04589985
  Nimble: 703854335d181df169bbca9c97117b5cf8c47c1d
  Quick: 563d0f6ec5f72e394645adb377708639b7dd38ab
  ReactiveKit: 93374d66000dc629896472541d22157d6083bf30
  ReactiveUIKit: af6e401a61d196502267ff216b7ac6f4c37c0dc5

PODFILE CHECKSUM: 436e67eecfadcca06b783ac3308068b77e932ab5

COCOAPODS: 1.0.1
