PODS:
  - GGNLocationPicker (2.0.0):
    - GGNObservable (~> 2.0)
  - GGNObservable (2.1.1)

DEPENDENCIES:
  - GGNLocationPicker (~> 2.0)
  - GGNObservable (~> 2.0)

SPEC CHECKSUMS:
  GGNLocationPicker: 3fd2a7412437c6fdaa72f191ca1119e6fe5be991
  GGNObservable: 946e62d46f4760081cd235008298a72be78b6571

PODFILE CHECKSUM: f9af85c68642f1bb1b65baa2e38419ce7aa953fb

COCOAPODS: 1.1.1
