// !$*UTF8*$!
{
	archiveVersion = 1;
	classes = {
	};
	objectVersion = 46;
	objects = {

/* Begin PBXBuildFile section */
		4E1D73E71D50521F00648603 /* AppDelegate.swift in Sources */ = {isa = PBXBuildFile; fileRef = 4E1D73E61D50521F00648603 /* AppDelegate.swift */; };
		4E1D73EE1D50521F00648603 /* Assets.xcassets in Resources */ = {isa = PBXBuildFile; fileRef = 4E1D73ED1D50521F00648603 /* Assets.xcassets */; };
		4E1D73F11D50521F00648603 /* LaunchScreen.storyboard in Resources */ = {isa = PBXBuildFile; fileRef = 4E1D73EF1D50521F00648603 /* LaunchScreen.storyboard */; };
		4E1D73FC1D50521F00648603 /* FLYRTests.swift in Sources */ = {isa = PBXBuildFile; fileRef = 4E1D73FB1D50521F00648603 /* FLYRTests.swift */; };
		4E1D74071D50521F00648603 /* FLYRUITests.swift in Sources */ = {isa = PBXBuildFile; fileRef = 4E1D74061D50521F00648603 /* FLYRUITests.swift */; };
		4E1D74161D50561700648603 /* AppCoordinator.swift in Sources */ = {isa = PBXBuildFile; fileRef = 4E1D74151D50561700648603 /* AppCoordinator.swift */; };
		4E1D74181D50594100648603 /* FeedVC.swift in Sources */ = {isa = PBXBuildFile; fileRef = 4E1D74171D50594100648603 /* FeedVC.swift */; };
		4E1D741A1D505E2700648603 /* FeedVM.swift in Sources */ = {isa = PBXBuildFile; fileRef = 4E1D74191D505E2700648603 /* FeedVM.swift */; };
		4E1D741C1D505E6C00648603 /* FeedView.swift in Sources */ = {isa = PBXBuildFile; fileRef = 4E1D741B1D505E6C00648603 /* FeedView.swift */; };
/* End PBXBuildFile section */

/* Begin PBXContainerItemProxy section */
		4E1D73F81D50521F00648603 /* PBXContainerItemProxy */ = {
			isa = PBXContainerItemProxy;
			containerPortal = 4E1D73DB1D50521E00648603 /* Project object */;
			proxyType = 1;
			remoteGlobalIDString = 4E1D73E21D50521E00648603;
			remoteInfo = FLYR;
		};
		4E1D74031D50521F00648603 /* PBXContainerItemProxy */ = {
			isa = PBXContainerItemProxy;
			containerPortal = 4E1D73DB1D50521E00648603 /* Project object */;
			proxyType = 1;
			remoteGlobalIDString = 4E1D73E21D50521E00648603;
			remoteInfo = FLYR;
		};
/* End PBXContainerItemProxy section */

/* Begin PBXFileReference section */
		4E1D73E31D50521E00648603 /* FLYR.app */ = {isa = PBXFileReference; explicitFileType = wrapper.application; includeInIndex = 0; path = FLYR.app; sourceTree = BUILT_PRODUCTS_DIR; };
		4E1D73E61D50521F00648603 /* AppDelegate.swift */ = {isa = PBXFileReference; lastKnownFileType = sourcecode.swift; path = AppDelegate.swift; sourceTree = "<group>"; };
		4E1D73ED1D50521F00648603 /* Assets.xcassets */ = {isa = PBXFileReference; lastKnownFileType = folder.assetcatalog; path = Assets.xcassets; sourceTree = "<group>"; };
		4E1D73F01D50521F00648603 /* Base */ = {isa = PBXFileReference; lastKnownFileType = file.storyboard; name = Base; path = Base.lproj/LaunchScreen.storyboard; sourceTree = "<group>"; };
		4E1D73F21D50521F00648603 /* Info.plist */ = {isa = PBXFileReference; lastKnownFileType = text.plist.xml; path = Info.plist; sourceTree = "<group>"; };
		4E1D73F71D50521F00648603 /* FLYRTests.xctest */ = {isa = PBXFileReference; explicitFileType = wrapper.cfbundle; includeInIndex = 0; path = FLYRTests.xctest; sourceTree = BUILT_PRODUCTS_DIR; };
		4E1D73FB1D50521F00648603 /* FLYRTests.swift */ = {isa = PBXFileReference; lastKnownFileType = sourcecode.swift; path = FLYRTests.swift; sourceTree = "<group>"; };
		4E1D73FD1D50521F00648603 /* Info.plist */ = {isa = PBXFileReference; lastKnownFileType = text.plist.xml; path = Info.plist; sourceTree = "<group>"; };
		4E1D74021D50521F00648603 /* FLYRUITests.xctest */ = {isa = PBXFileReference; explicitFileType = wrapper.cfbundle; includeInIndex = 0; path = FLYRUITests.xctest; sourceTree = BUILT_PRODUCTS_DIR; };
		4E1D74061D50521F00648603 /* FLYRUITests.swift */ = {isa = PBXFileReference; lastKnownFileType = sourcecode.swift; path = FLYRUITests.swift; sourceTree = "<group>"; };
		4E1D74081D50521F00648603 /* Info.plist */ = {isa = PBXFileReference; lastKnownFileType = text.plist.xml; path = Info.plist; sourceTree = "<group>"; };
		4E1D74151D50561700648603 /* AppCoordinator.swift */ = {isa = PBXFileReference; fileEncoding = 4; lastKnownFileType = sourcecode.swift; path = AppCoordinator.swift; sourceTree = "<group>"; };
		4E1D74171D50594100648603 /* FeedVC.swift */ = {isa = PBXFileReference; fileEncoding = 4; lastKnownFileType = sourcecode.swift; path = FeedVC.swift; sourceTree = "<group>"; };
		4E1D74191D505E2700648603 /* FeedVM.swift */ = {isa = PBXFileReference; fileEncoding = 4; lastKnownFileType = sourcecode.swift; path = FeedVM.swift; sourceTree = "<group>"; };
		4E1D741B1D505E6C00648603 /* FeedView.swift */ = {isa = PBXFileReference; fileEncoding = 4; lastKnownFileType = sourcecode.swift; path = FeedView.swift; sourceTree = "<group>"; };
/* End PBXFileReference section */

/* Begin PBXFrameworksBuildPhase section */
		4E1D73E01D50521E00648603 /* Frameworks */ = {
			isa = PBXFrameworksBuildPhase;
			buildActionMask = 2147483647;
			files = (
			);
			runOnlyForDeploymentPostprocessing = 0;
		};
		4E1D73F41D50521F00648603 /* Frameworks */ = {
			isa = PBXFrameworksBuildPhase;
			buildActionMask = 2147483647;
			files = (
			);
			runOnlyForDeploymentPostprocessing = 0;
		};
		4E1D73FF1D50521F00648603 /* Frameworks */ = {
			isa = PBXFrameworksBuildPhase;
			buildActionMask = 2147483647;
			files = (
			);
			runOnlyForDeploymentPostprocessing = 0;
		};
/* End PBXFrameworksBuildPhase section */

/* Begin PBXGroup section */
		4E1D73DA1D50521E00648603 = {
			isa = PBXGroup;
			children = (
				4E1D73E51D50521F00648603 /* FLYR */,
				4E1D73FA1D50521F00648603 /* FLYRTests */,
				4E1D74051D50521F00648603 /* FLYRUITests */,
				4E1D73E41D50521E00648603 /* Products */,
			);
			sourceTree = "<group>";
		};
		4E1D73E41D50521E00648603 /* Products */ = {
			isa = PBXGroup;
			children = (
				4E1D73E31D50521E00648603 /* FLYR.app */,
				4E1D73F71D50521F00648603 /* FLYRTests.xctest */,
				4E1D74021D50521F00648603 /* FLYRUITests.xctest */,
			);
			name = Products;
			sourceTree = "<group>";
		};
		4E1D73E51D50521F00648603 /* FLYR */ = {
			isa = PBXGroup;
			children = (
				4E1D74151D50561700648603 /* AppCoordinator.swift */,
				4E1D73E61D50521F00648603 /* AppDelegate.swift */,
				4E1D74171D50594100648603 /* FeedVC.swift */,
				4E1D741B1D505E6C00648603 /* FeedView.swift */,
				4E1D74191D505E2700648603 /* FeedVM.swift */,
				4E1D74141D5053C600648603 /* Supporting Files */,
			);
			path = FLYR;
			sourceTree = "<group>";
		};
		4E1D73FA1D50521F00648603 /* FLYRTests */ = {
			isa = PBXGroup;
			children = (
				4E1D73FB1D50521F00648603 /* FLYRTests.swift */,
				4E1D73FD1D50521F00648603 /* Info.plist */,
			);
			path = FLYRTests;
			sourceTree = "<group>";
		};
		4E1D74051D50521F00648603 /* FLYRUITests */ = {
			isa = PBXGroup;
			children = (
				4E1D74061D50521F00648603 /* FLYRUITests.swift */,
				4E1D74081D50521F00648603 /* Info.plist */,
			);
			path = FLYRUITests;
			sourceTree = "<group>";
		};
		4E1D74141D5053C600648603 /* Supporting Files */ = {
			isa = PBXGroup;
			children = (
				4E1D73ED1D50521F00648603 /* Assets.xcassets */,
				4E1D73EF1D50521F00648603 /* LaunchScreen.storyboard */,
				4E1D73F21D50521F00648603 /* Info.plist */,
			);
			name = "Supporting Files";
			sourceTree = "<group>";
		};
/* End PBXGroup section */

/* Begin PBXNativeTarget section */
		4E1D73E21D50521E00648603 /* FLYR */ = {
			isa = PBXNativeTarget;
			buildConfigurationList = 4E1D740B1D50521F00648603 /* Build configuration list for PBXNativeTarget "FLYR" */;
			buildPhases = (
				4E1D73DF1D50521E00648603 /* Sources */,
				4E1D73E01D50521E00648603 /* Frameworks */,
				4E1D73E11D50521E00648603 /* Resources */,
			);
			buildRules = (
			);
			dependencies = (
			);
			name = FLYR;
			productName = FLYR;
			productReference = 4E1D73E31D50521E00648603 /* FLYR.app */;
			productType = "com.apple.product-type.application";
		};
		4E1D73F61D50521F00648603 /* FLYRTests */ = {
			isa = PBXNativeTarget;
			buildConfigurationList = 4E1D740E1D50521F00648603 /* Build configuration list for PBXNativeTarget "FLYRTests" */;
			buildPhases = (
				4E1D73F31D50521F00648603 /* Sources */,
				4E1D73F41D50521F00648603 /* Frameworks */,
				4E1D73F51D50521F00648603 /* Resources */,
			);
			buildRules = (
			);
			dependencies = (
				4E1D73F91D50521F00648603 /* PBXTargetDependency */,
			);
			name = FLYRTests;
			productName = FLYRTests;
			productReference = 4E1D73F71D50521F00648603 /* FLYRTests.xctest */;
			productType = "com.apple.product-type.bundle.unit-test";
		};
		4E1D74011D50521F00648603 /* FLYRUITests */ = {
			isa = PBXNativeTarget;
			buildConfigurationList = 4E1D74111D50521F00648603 /* Build configuration list for PBXNativeTarget "FLYRUITests" */;
			buildPhases = (
				4E1D73FE1D50521F00648603 /* Sources */,
				4E1D73FF1D50521F00648603 /* Frameworks */,
				4E1D74001D50521F00648603 /* Resources */,
			);
			buildRules = (
			);
			dependencies = (
				4E1D74041D50521F00648603 /* PBXTargetDependency */,
			);
			name = FLYRUITests;
			productName = FLYRUITests;
			productReference = 4E1D74021D50521F00648603 /* FLYRUITests.xctest */;
			productType = "com.apple.product-type.bundle.ui-testing";
		};
/* End PBXNativeTarget section */

/* Begin PBXProject section */
		4E1D73DB1D50521E00648603 /* Project object */ = {
			isa = PBXProject;
			attributes = {
				LastSwiftUpdateCheck = 0730;
				LastUpgradeCheck = 0730;
				ORGANIZATIONNAME = "Garric Nahapetian";
				TargetAttributes = {
					4E1D73E21D50521E00648603 = {
						CreatedOnToolsVersion = 7.3.1;
						DevelopmentTeam = Y642MFHN82;
					};
					4E1D73F61D50521F00648603 = {
						CreatedOnToolsVersion = 7.3.1;
						TestTargetID = 4E1D73E21D50521E00648603;
					};
					4E1D74011D50521F00648603 = {
						CreatedOnToolsVersion = 7.3.1;
						TestTargetID = 4E1D73E21D50521E00648603;
					};
				};
			};
			buildConfigurationList = 4E1D73DE1D50521E00648603 /* Build configuration list for PBXProject "FLYR" */;
			compatibilityVersion = "Xcode 3.2";
			developmentRegion = English;
			hasScannedForEncodings = 0;
			knownRegions = (
				en,
				Base,
			);
			mainGroup = 4E1D73DA1D50521E00648603;
			productRefGroup = 4E1D73E41D50521E00648603 /* Products */;
			projectDirPath = "";
			projectRoot = "";
			targets = (
				4E1D73E21D50521E00648603 /* FLYR */,
				4E1D73F61D50521F00648603 /* FLYRTests */,
				4E1D74011D50521F00648603 /* FLYRUITests */,
			);
		};
/* End PBXProject section */

/* Begin PBXResourcesBuildPhase section */
		4E1D73E11D50521E00648603 /* Resources */ = {
			isa = PBXResourcesBuildPhase;
			buildActionMask = 2147483647;
			files = (
				4E1D73F11D50521F00648603 /* LaunchScreen.storyboard in Resources */,
				4E1D73EE1D50521F00648603 /* Assets.xcassets in Resources */,
			);
			runOnlyForDeploymentPostprocessing = 0;
		};
		4E1D73F51D50521F00648603 /* Resources */ = {
			isa = PBXResourcesBuildPhase;
			buildActionMask = 2147483647;
			files = (
			);
			runOnlyForDeploymentPostprocessing = 0;
		};
		4E1D74001D50521F00648603 /* Resources */ = {
			isa = PBXResourcesBuildPhase;
			buildActionMask = 2147483647;
			files = (
			);
			runOnlyForDeploymentPostprocessing = 0;
		};
/* End PBXResourcesBuildPhase section */

/* Begin PBXSourcesBuildPhase section */
		4E1D73DF1D50521E00648603 /* Sources */ = {
			isa = PBXSourcesBuildPhase;
			buildActionMask = 2147483647;
			files = (
				4E1D741C1D505E6C00648603 /* FeedView.swift in Sources */,
				4E1D74181D50594100648603 /* FeedVC.swift in Sources */,
				4E1D74161D50561700648603 /* AppCoordinator.swift in Sources */,
				4E1D741A1D505E2700648603 /* FeedVM.swift in Sources */,
				4E1D73E71D50521F00648603 /* AppDelegate.swift in Sources */,
			);
			runOnlyForDeploymentPostprocessing = 0;
		};
		4E1D73F31D50521F00648603 /* Sources */ = {
			isa = PBXSourcesBuildPhase;
			buildActionMask = 2147483647;
			files = (
				4E1D73FC1D50521F00648603 /* FLYRTests.swift in Sources */,
			);
			runOnlyForDeploymentPostprocessing = 0;
		};
		4E1D73FE1D50521F00648603 /* Sources */ = {
			isa = PBXSourcesBuildPhase;
			buildActionMask = 2147483647;
			files = (
				4E1D74071D50521F00648603 /* FLYRUITests.swift in Sources */,
			);
			runOnlyForDeploymentPostprocessing = 0;
		};
/* End PBXSourcesBuildPhase section */

/* Begin PBXTargetDependency section */
		4E1D73F91D50521F00648603 /* PBXTargetDependency */ = {
			isa = PBXTargetDependency;
			target = 4E1D73E21D50521E00648603 /* FLYR */;
			targetProxy = 4E1D73F81D50521F00648603 /* PBXContainerItemProxy */;
		};
		4E1D74041D50521F00648603 /* PBXTargetDependency */ = {
			isa = PBXTargetDependency;
			target = 4E1D73E21D50521E00648603 /* FLYR */;
			targetProxy = 4E1D74031D50521F00648603 /* PBXContainerItemProxy */;
		};
/* End PBXTargetDependency section */

/* Begin PBXVariantGroup section */
		4E1D73EF1D50521F00648603 /* LaunchScreen.storyboard */ = {
			isa = PBXVariantGroup;
			children = (
				4E1D73F01D50521F00648603 /* Base */,
			);
			name = LaunchScreen.storyboard;
			sourceTree = "<group>";
		};
/* End PBXVariantGroup section */

/* Begin XCBuildConfiguration section */
		4E1D74091D50521F00648603 /* Debug */ = {
			isa = XCBuildConfiguration;
			buildSettings = {
				ALWAYS_SEARCH_USER_PATHS = NO;
				CLANG_ANALYZER_NONNULL = YES;
				CLANG_CXX_LANGUAGE_STANDARD = "gnu++0x";
				CLANG_CXX_LIBRARY = "libc++";
				CLANG_ENABLE_MODULES = YES;
				CLANG_ENABLE_OBJC_ARC = YES;
				CLANG_WARN_BOOL_CONVERSION = YES;
				CLANG_WARN_CONSTANT_CONVERSION = YES;
				CLANG_WARN_DIRECT_OBJC_ISA_USAGE = YES_ERROR;
				CLANG_WARN_EMPTY_BODY = YES;
				CLANG_WARN_ENUM_CONVERSION = YES;
				CLANG_WARN_INT_CONVERSION = YES;
				CLANG_WARN_OBJC_ROOT_CLASS = YES_ERROR;
				CLANG_WARN_UNREACHABLE_CODE = YES;
				CLANG_WARN__DUPLICATE_METHOD_MATCH = YES;
				"CODE_SIGN_IDENTITY[sdk=iphoneos*]" = "iPhone Developer";
				COPY_PHASE_STRIP = NO;
				DEBUG_INFORMATION_FORMAT = dwarf;
				ENABLE_STRICT_OBJC_MSGSEND = YES;
				ENABLE_TESTABILITY = YES;
				GCC_C_LANGUAGE_STANDARD = gnu99;
				GCC_DYNAMIC_NO_PIC = NO;
				GCC_NO_COMMON_BLOCKS = YES;
				GCC_OPTIMIZATION_LEVEL = 0;
				GCC_PREPROCESSOR_DEFINITIONS = (
					"DEBUG=1",
					"$(inherited)",
				);
				GCC_WARN_64_TO_32_BIT_CONVERSION = YES;
				GCC_WARN_ABOUT_RETURN_TYPE = YES_ERROR;
				GCC_WARN_UNDECLARED_SELECTOR = YES;
				GCC_WARN_UNINITIALIZED_AUTOS = YES_AGGRESSIVE;
				GCC_WARN_UNUSED_FUNCTION = YES;
				GCC_WARN_UNUSED_VARIABLE = YES;
				IPHONEOS_DEPLOYMENT_TARGET = 9.3;
				MTL_ENABLE_DEBUG_INFO = YES;
				ONLY_ACTIVE_ARCH = YES;
				SDKROOT = iphoneos;
				SWIFT_OPTIMIZATION_LEVEL = "-Onone";
			};
			name = Debug;
		};
		4E1D740A1D50521F00648603 /* Release */ = {
			isa = XCBuildConfiguration;
			buildSettings = {
				ALWAYS_SEARCH_USER_PATHS = NO;
				CLANG_ANALYZER_NONNULL = YES;
				CLANG_CXX_LANGUAGE_STANDARD = "gnu++0x";
				CLANG_CXX_LIBRARY = "libc++";
				CLANG_ENABLE_MODULES = YES;
				CLANG_ENABLE_OBJC_ARC = YES;
				CLANG_WARN_BOOL_CONVERSION = YES;
				CLANG_WARN_CONSTANT_CONVERSION = YES;
				CLANG_WARN_DIRECT_OBJC_ISA_USAGE = YES_ERROR;
				CLANG_WARN_EMPTY_BODY = YES;
				CLANG_WARN_ENUM_CONVERSION = YES;
				CLANG_WARN_INT_CONVERSION = YES;
				CLANG_WARN_OBJC_ROOT_CLASS = YES_ERROR;
				CLANG_WARN_UNREACHABLE_CODE = YES;
				CLANG_WARN__DUPLICATE_METHOD_MATCH = YES;
				"CODE_SIGN_IDENTITY[sdk=iphoneos*]" = "iPhone Developer";
				COPY_PHASE_STRIP = NO;
				DEBUG_INFORMATION_FORMAT = "dwarf-with-dsym";
				ENABLE_NS_ASSERTIONS = NO;
				ENABLE_STRICT_OBJC_MSGSEND = YES;
				GCC_C_LANGUAGE_STANDARD = gnu99;
				GCC_NO_COMMON_BLOCKS = YES;
				GCC_WARN_64_TO_32_BIT_CONVERSION = YES;
				GCC_WARN_ABOUT_RETURN_TYPE = YES_ERROR;
				GCC_WARN_UNDECLARED_SELECTOR = YES;
				GCC_WARN_UNINITIALIZED_AUTOS = YES_AGGRESSIVE;
				GCC_WARN_UNUSED_FUNCTION = YES;
				GCC_WARN_UNUSED_VARIABLE = YES;
				IPHONEOS_DEPLOYMENT_TARGET = 9.3;
				MTL_ENABLE_DEBUG_INFO = NO;
				SDKROOT = iphoneos;
				VALIDATE_PRODUCT = YES;
			};
			name = Release;
		};
		4E1D740C1D50521F00648603 /* Debug */ = {
			isa = XCBuildConfiguration;
			buildSettings = {
				ASSETCATALOG_COMPILER_APPICON_NAME = AppIcon;
				CODE_SIGN_IDENTITY = "iPhone Developer";
				INFOPLIST_FILE = FLYR/Info.plist;
				LD_RUNPATH_SEARCH_PATHS = "$(inherited) @executable_path/Frameworks";
				PRODUCT_BUNDLE_IDENTIFIER = com.ggn.FLYR;
				PRODUCT_NAME = "$(TARGET_NAME)";
			};
			name = Debug;
		};
		4E1D740D1D50521F00648603 /* Release */ = {
			isa = XCBuildConfiguration;
			buildSettings = {
				ASSETCATALOG_COMPILER_APPICON_NAME = AppIcon;
				CODE_SIGN_IDENTITY = "iPhone Developer";
				INFOPLIST_FILE = FLYR/Info.plist;
				LD_RUNPATH_SEARCH_PATHS = "$(inherited) @executable_path/Frameworks";
				PRODUCT_BUNDLE_IDENTIFIER = com.ggn.FLYR;
				PRODUCT_NAME = "$(TARGET_NAME)";
			};
			name = Release;
		};
		4E1D740F1D50521F00648603 /* Debug */ = {
			isa = XCBuildConfiguration;
			buildSettings = {
				BUNDLE_LOADER = "$(TEST_HOST)";
				INFOPLIST_FILE = FLYRTests/Info.plist;
				LD_RUNPATH_SEARCH_PATHS = "$(inherited) @executable_path/Frameworks @loader_path/Frameworks";
				PRODUCT_BUNDLE_IDENTIFIER = com.ggn.FLYRTests;
				PRODUCT_NAME = "$(TARGET_NAME)";
				TEST_HOST = "$(BUILT_PRODUCTS_DIR)/FLYR.app/FLYR";
			};
			name = Debug;
		};
		4E1D74101D50521F00648603 /* Release */ = {
			isa = XCBuildConfiguration;
			buildSettings = {
				BUNDLE_LOADER = "$(TEST_HOST)";
				INFOPLIST_FILE = FLYRTests/Info.plist;
				LD_RUNPATH_SEARCH_PATHS = "$(inherited) @executable_path/Frameworks @loader_path/Frameworks";
				PRODUCT_BUNDLE_IDENTIFIER = com.ggn.FLYRTests;
				PRODUCT_NAME = "$(TARGET_NAME)";
				TEST_HOST = "$(BUILT_PRODUCTS_DIR)/FLYR.app/FLYR";
			};
			name = Release;
		};
		4E1D74121D50521F00648603 /* Debug */ = {
			isa = XCBuildConfiguration;
			buildSettings = {
				INFOPLIST_FILE = FLYRUITests/Info.plist;
				LD_RUNPATH_SEARCH_PATHS = "$(inherited) @executable_path/Frameworks @loader_path/Frameworks";
				PRODUCT_BUNDLE_IDENTIFIER = com.ggn.FLYRUITests;
				PRODUCT_NAME = "$(TARGET_NAME)";
				TEST_TARGET_NAME = FLYR;
			};
			name = Debug;
		};
		4E1D74131D50521F00648603 /* Release */ = {
			isa = XCBuildConfiguration;
			buildSettings = {
				INFOPLIST_FILE = FLYRUITests/Info.plist;
				LD_RUNPATH_SEARCH_PATHS = "$(inherited) @executable_path/Frameworks @loader_path/Frameworks";
				PRODUCT_BUNDLE_IDENTIFIER = com.ggn.FLYRUITests;
				PRODUCT_NAME = "$(TARGET_NAME)";
				TEST_TARGET_NAME = FLYR;
			};
			name = Release;
		};
/* End XCBuildConfiguration section */

/* Begin XCConfigurationList section */
		4E1D73DE1D50521E00648603 /* Build configuration list for PBXProject "FLYR" */ = {
			isa = XCConfigurationList;
			buildConfigurations = (
				4E1D74091D50521F00648603 /* Debug */,
				4E1D740A1D50521F00648603 /* Release */,
			);
			defaultConfigurationIsVisible = 0;
			defaultConfigurationName = Release;
		};
		4E1D740B1D50521F00648603 /* Build configuration list for PBXNativeTarget "FLYR" */ = {
			isa = XCConfigurationList;
			buildConfigurations = (
				4E1D740C1D50521F00648603 /* Debug */,
				4E1D740D1D50521F00648603 /* Release */,
			);
			defaultConfigurationIsVisible = 0;
		};
		4E1D740E1D50521F00648603 /* Build configuration list for PBXNativeTarget "FLYRTests" */ = {
			isa = XCConfigurationList;
			buildConfigurations = (
				4E1D740F1D50521F00648603 /* Debug */,
				4E1D74101D50521F00648603 /* Release */,
			);
			defaultConfigurationIsVisible = 0;
		};
		4E1D74111D50521F00648603 /* Build configuration list for PBXNativeTarget "FLYRUITests" */ = {
			isa = XCConfigurationList;
			buildConfigurations = (
				4E1D74121D50521F00648603 /* Debug */,
				4E1D74131D50521F00648603 /* Release */,
			);
			defaultConfigurationIsVisible = 0;
		};
/* End XCConfigurationList section */
	};
	rootObject = 4E1D73DB1D50521E00648603 /* Project object */;
}
